// !$*UTF8*$!
{
	archiveVersion = 1;
	classes = {
	};
	objectVersion = 50;
	objects = {

/* Begin PBXBuildFile section */
		8CC4A2BC25C6787F000521CA /* AppDelegate.swift in Sources */ = {isa = PBXBuildFile; fileRef = 8CC4A2BB25C6787F000521CA /* AppDelegate.swift */; };
		8CC4A2BE25C6787F000521CA /* SceneDelegate.swift in Sources */ = {isa = PBXBuildFile; fileRef = 8CC4A2BD25C6787F000521CA /* SceneDelegate.swift */; };
		8CC4A2C025C6787F000521CA /* ViewController.swift in Sources */ = {isa = PBXBuildFile; fileRef = 8CC4A2BF25C6787F000521CA /* ViewController.swift */; };
		8CC4A2C325C6787F000521CA /* Main.storyboard in Resources */ = {isa = PBXBuildFile; fileRef = 8CC4A2C125C6787F000521CA /* Main.storyboard */; };
		8CC4A2C525C67883000521CA /* Assets.xcassets in Resources */ = {isa = PBXBuildFile; fileRef = 8CC4A2C425C67883000521CA /* Assets.xcassets */; };
		8CC4A2C825C67883000521CA /* LaunchScreen.storyboard in Resources */ = {isa = PBXBuildFile; fileRef = 8CC4A2C625C67883000521CA /* LaunchScreen.storyboard */; };
		8CC4A2D725C678A5000521CA /* UITests.swift in Sources */ = {isa = PBXBuildFile; fileRef = 8CC4A2D625C678A5000521CA /* UITests.swift */; };
		8CC4A2E125C679F3000521CA /* HomeScreenEnum.swift in Sources */ = {isa = PBXBuildFile; fileRef = 8CC4A2E025C679F3000521CA /* HomeScreenEnum.swift */; };
		8CC4A2E525C67A4A000521CA /* TestCasesClima.swift in Sources */ = {isa = PBXBuildFile; fileRef = 8CC4A2E425C67A4A000521CA /* TestCasesClima.swift */; };
		8CC4A2E925C67AA1000521CA /* TestCasesClimaExtension.swift in Sources */ = {isa = PBXBuildFile; fileRef = 8CC4A2E825C67AA1000521CA /* TestCasesClimaExtension.swift */; };
/* End PBXBuildFile section */

/* Begin PBXContainerItemProxy section */
		8CC4A2D925C678A5000521CA /* PBXContainerItemProxy */ = {
			isa = PBXContainerItemProxy;
			containerPortal = 8CC4A2B025C6787F000521CA /* Project object */;
			proxyType = 1;
			remoteGlobalIDString = 8CC4A2B725C6787F000521CA;
			remoteInfo = UITestsSampleApp;
		};
/* End PBXContainerItemProxy section */

/* Begin PBXFileReference section */
		8CC4A2B825C6787F000521CA /* UITestsSampleApp.app */ = {isa = PBXFileReference; explicitFileType = wrapper.application; includeInIndex = 0; path = UITestsSampleApp.app; sourceTree = BUILT_PRODUCTS_DIR; };
		8CC4A2BB25C6787F000521CA /* AppDelegate.swift */ = {isa = PBXFileReference; lastKnownFileType = sourcecode.swift; path = AppDelegate.swift; sourceTree = "<group>"; };
		8CC4A2BD25C6787F000521CA /* SceneDelegate.swift */ = {isa = PBXFileReference; lastKnownFileType = sourcecode.swift; path = SceneDelegate.swift; sourceTree = "<group>"; };
		8CC4A2BF25C6787F000521CA /* ViewController.swift */ = {isa = PBXFileReference; lastKnownFileType = sourcecode.swift; path = ViewController.swift; sourceTree = "<group>"; };
		8CC4A2C225C6787F000521CA /* Base */ = {isa = PBXFileReference; lastKnownFileType = file.storyboard; name = Base; path = Base.lproj/Main.storyboard; sourceTree = "<group>"; };
		8CC4A2C425C67883000521CA /* Assets.xcassets */ = {isa = PBXFileReference; lastKnownFileType = folder.assetcatalog; path = Assets.xcassets; sourceTree = "<group>"; };
		8CC4A2C725C67883000521CA /* Base */ = {isa = PBXFileReference; lastKnownFileType = file.storyboard; name = Base; path = Base.lproj/LaunchScreen.storyboard; sourceTree = "<group>"; };
		8CC4A2C925C67883000521CA /* Info.plist */ = {isa = PBXFileReference; lastKnownFileType = text.plist.xml; path = Info.plist; sourceTree = "<group>"; };
		8CC4A2D425C678A5000521CA /* UITests.xctest */ = {isa = PBXFileReference; explicitFileType = wrapper.cfbundle; includeInIndex = 0; path = UITests.xctest; sourceTree = BUILT_PRODUCTS_DIR; };
		8CC4A2D625C678A5000521CA /* UITests.swift */ = {isa = PBXFileReference; lastKnownFileType = sourcecode.swift; path = UITests.swift; sourceTree = "<group>"; };
		8CC4A2D825C678A5000521CA /* Info.plist */ = {isa = PBXFileReference; lastKnownFileType = text.plist.xml; path = Info.plist; sourceTree = "<group>"; };
		8CC4A2E025C679F3000521CA /* HomeScreenEnum.swift */ = {isa = PBXFileReference; lastKnownFileType = sourcecode.swift; path = HomeScreenEnum.swift; sourceTree = "<group>"; };
		8CC4A2E425C67A4A000521CA /* TestCasesClima.swift */ = {isa = PBXFileReference; lastKnownFileType = sourcecode.swift; path = TestCasesClima.swift; sourceTree = "<group>"; };
		8CC4A2E825C67AA1000521CA /* TestCasesClimaExtension.swift */ = {isa = PBXFileReference; lastKnownFileType = sourcecode.swift; path = TestCasesClimaExtension.swift; sourceTree = "<group>"; };
/* End PBXFileReference section */

/* Begin PBXFrameworksBuildPhase section */
		8CC4A2B525C6787F000521CA /* Frameworks */ = {
			isa = PBXFrameworksBuildPhase;
			buildActionMask = 2147483647;
			files = (
			);
			runOnlyForDeploymentPostprocessing = 0;
		};
		8CC4A2D125C678A5000521CA /* Frameworks */ = {
			isa = PBXFrameworksBuildPhase;
			buildActionMask = 2147483647;
			files = (
			);
			runOnlyForDeploymentPostprocessing = 0;
		};
/* End PBXFrameworksBuildPhase section */

/* Begin PBXGroup section */
		8CC4A2AF25C6787F000521CA = {
			isa = PBXGroup;
			children = (
				8CC4A2BA25C6787F000521CA /* UITestsSampleApp */,
				8CC4A2D525C678A5000521CA /* UITests */,
				8CC4A2B925C6787F000521CA /* Products */,
			);
			sourceTree = "<group>";
		};
		8CC4A2B925C6787F000521CA /* Products */ = {
			isa = PBXGroup;
			children = (
				8CC4A2B825C6787F000521CA /* UITestsSampleApp.app */,
				8CC4A2D425C678A5000521CA /* UITests.xctest */,
			);
			name = Products;
			sourceTree = "<group>";
		};
		8CC4A2BA25C6787F000521CA /* UITestsSampleApp */ = {
			isa = PBXGroup;
			children = (
				8CC4A2BB25C6787F000521CA /* AppDelegate.swift */,
				8CC4A2BD25C6787F000521CA /* SceneDelegate.swift */,
				8CC4A2BF25C6787F000521CA /* ViewController.swift */,
				8CC4A2C125C6787F000521CA /* Main.storyboard */,
				8CC4A2C425C67883000521CA /* Assets.xcassets */,
				8CC4A2C625C67883000521CA /* LaunchScreen.storyboard */,
				8CC4A2C925C67883000521CA /* Info.plist */,
			);
			path = UITestsSampleApp;
			sourceTree = "<group>";
		};
		8CC4A2D525C678A5000521CA /* UITests */ = {
			isa = PBXGroup;
			children = (
				8CC4A2D625C678A5000521CA /* UITests.swift */,
				8CC4A2E425C67A4A000521CA /* TestCasesClima.swift */,
				8CC4A2E025C679F3000521CA /* HomeScreenEnum.swift */,
				8CC4A2E825C67AA1000521CA /* TestCasesClimaExtension.swift */,
				8CC4A2D825C678A5000521CA /* Info.plist */,
			);
			path = UITests;
			sourceTree = "<group>";
		};
/* End PBXGroup section */

/* Begin PBXNativeTarget section */
		8CC4A2B725C6787F000521CA /* UITestsSampleApp */ = {
			isa = PBXNativeTarget;
			buildConfigurationList = 8CC4A2CC25C67883000521CA /* Build configuration list for PBXNativeTarget "UITestsSampleApp" */;
			buildPhases = (
				8CC4A2B425C6787F000521CA /* Sources */,
				8CC4A2B525C6787F000521CA /* Frameworks */,
				8CC4A2B625C6787F000521CA /* Resources */,
			);
			buildRules = (
			);
			dependencies = (
			);
			name = UITestsSampleApp;
			productName = UITestsSampleApp;
			productReference = 8CC4A2B825C6787F000521CA /* UITestsSampleApp.app */;
			productType = "com.apple.product-type.application";
		};
		8CC4A2D325C678A5000521CA /* UITests */ = {
			isa = PBXNativeTarget;
			buildConfigurationList = 8CC4A2DB25C678A5000521CA /* Build configuration list for PBXNativeTarget "UITests" */;
			buildPhases = (
				8CC4A2D025C678A5000521CA /* Sources */,
				8CC4A2D125C678A5000521CA /* Frameworks */,
				8CC4A2D225C678A5000521CA /* Resources */,
			);
			buildRules = (
			);
			dependencies = (
				8CC4A2DA25C678A5000521CA /* PBXTargetDependency */,
			);
			name = UITests;
			productName = UITests;
			productReference = 8CC4A2D425C678A5000521CA /* UITests.xctest */;
			productType = "com.apple.product-type.bundle.ui-testing";
		};
/* End PBXNativeTarget section */

/* Begin PBXProject section */
		8CC4A2B025C6787F000521CA /* Project object */ = {
			isa = PBXProject;
			attributes = {
				LastSwiftUpdateCheck = 1230;
				LastUpgradeCheck = 1230;
				TargetAttributes = {
					8CC4A2B725C6787F000521CA = {
						CreatedOnToolsVersion = 12.3;
					};
					8CC4A2D325C678A5000521CA = {
						CreatedOnToolsVersion = 12.3;
						TestTargetID = 8CC4A2B725C6787F000521CA;
					};
				};
			};
			buildConfigurationList = 8CC4A2B325C6787F000521CA /* Build configuration list for PBXProject "UITestsSampleApp" */;
			compatibilityVersion = "Xcode 9.3";
			developmentRegion = en;
			hasScannedForEncodings = 0;
			knownRegions = (
				en,
				Base,
			);
			mainGroup = 8CC4A2AF25C6787F000521CA;
			productRefGroup = 8CC4A2B925C6787F000521CA /* Products */;
			projectDirPath = "";
			projectRoot = "";
			targets = (
				8CC4A2B725C6787F000521CA /* UITestsSampleApp */,
				8CC4A2D325C678A5000521CA /* UITests */,
			);
		};
/* End PBXProject section */

/* Begin PBXResourcesBuildPhase section */
		8CC4A2B625C6787F000521CA /* Resources */ = {
			isa = PBXResourcesBuildPhase;
			buildActionMask = 2147483647;
			files = (
				8CC4A2C825C67883000521CA /* LaunchScreen.storyboard in Resources */,
				8CC4A2C525C67883000521CA /* Assets.xcassets in Resources */,
				8CC4A2C325C6787F000521CA /* Main.storyboard in Resources */,
			);
			runOnlyForDeploymentPostprocessing = 0;
		};
		8CC4A2D225C678A5000521CA /* Resources */ = {
			isa = PBXResourcesBuildPhase;
			buildActionMask = 2147483647;
			files = (
			);
			runOnlyForDeploymentPostprocessing = 0;
		};
/* End PBXResourcesBuildPhase section */

/* Begin PBXSourcesBuildPhase section */
		8CC4A2B425C6787F000521CA /* Sources */ = {
			isa = PBXSourcesBuildPhase;
			buildActionMask = 2147483647;
			files = (
				8CC4A2C025C6787F000521CA /* ViewController.swift in Sources */,
				8CC4A2BC25C6787F000521CA /* AppDelegate.swift in Sources */,
				8CC4A2BE25C6787F000521CA /* SceneDelegate.swift in Sources */,
			);
			runOnlyForDeploymentPostprocessing = 0;
		};
		8CC4A2D025C678A5000521CA /* Sources */ = {
			isa = PBXSourcesBuildPhase;
			buildActionMask = 2147483647;
			files = (
				8CC4A2D725C678A5000521CA /* UITests.swift in Sources */,
				8CC4A2E125C679F3000521CA /* HomeScreenEnum.swift in Sources */,
				8CC4A2E925C67AA1000521CA /* TestCasesClimaExtension.swift in Sources */,
				8CC4A2E525C67A4A000521CA /* TestCasesClima.swift in Sources */,
			);
			runOnlyForDeploymentPostprocessing = 0;
		};
/* End PBXSourcesBuildPhase section */

/* Begin PBXTargetDependency section */
		8CC4A2DA25C678A5000521CA /* PBXTargetDependency */ = {
			isa = PBXTargetDependency;
			target = 8CC4A2B725C6787F000521CA /* UITestsSampleApp */;
			targetProxy = 8CC4A2D925C678A5000521CA /* PBXContainerItemProxy */;
		};
/* End PBXTargetDependency section */

/* Begin PBXVariantGroup section */
		8CC4A2C125C6787F000521CA /* Main.storyboard */ = {
			isa = PBXVariantGroup;
			children = (
				8CC4A2C225C6787F000521CA /* Base */,
			);
			name = Main.storyboard;
			sourceTree = "<group>";
		};
		8CC4A2C625C67883000521CA /* LaunchScreen.storyboard */ = {
			isa = PBXVariantGroup;
			children = (
				8CC4A2C725C67883000521CA /* Base */,
			);
			name = LaunchScreen.storyboard;
			sourceTree = "<group>";
		};
/* End PBXVariantGroup section */

/* Begin XCBuildConfiguration section */
		8CC4A2CA25C67883000521CA /* Debug */ = {
			isa = XCBuildConfiguration;
			buildSettings = {
				ALWAYS_SEARCH_USER_PATHS = NO;
				CLANG_ANALYZER_NONNULL = YES;
				CLANG_ANALYZER_NUMBER_OBJECT_CONVERSION = YES_AGGRESSIVE;
				CLANG_CXX_LANGUAGE_STANDARD = "gnu++14";
				CLANG_CXX_LIBRARY = "libc++";
				CLANG_ENABLE_MODULES = YES;
				CLANG_ENABLE_OBJC_ARC = YES;
				CLANG_ENABLE_OBJC_WEAK = YES;
				CLANG_WARN_BLOCK_CAPTURE_AUTORELEASING = YES;
				CLANG_WARN_BOOL_CONVERSION = YES;
				CLANG_WARN_COMMA = YES;
				CLANG_WARN_CONSTANT_CONVERSION = YES;
				CLANG_WARN_DEPRECATED_OBJC_IMPLEMENTATIONS = YES;
				CLANG_WARN_DIRECT_OBJC_ISA_USAGE = YES_ERROR;
				CLANG_WARN_DOCUMENTATION_COMMENTS = YES;
				CLANG_WARN_EMPTY_BODY = YES;
				CLANG_WARN_ENUM_CONVERSION = YES;
				CLANG_WARN_INFINITE_RECURSION = YES;
				CLANG_WARN_INT_CONVERSION = YES;
				CLANG_WARN_NON_LITERAL_NULL_CONVERSION = YES;
				CLANG_WARN_OBJC_IMPLICIT_RETAIN_SELF = YES;
				CLANG_WARN_OBJC_LITERAL_CONVERSION = YES;
				CLANG_WARN_OBJC_ROOT_CLASS = YES_ERROR;
				CLANG_WARN_QUOTED_INCLUDE_IN_FRAMEWORK_HEADER = YES;
				CLANG_WARN_RANGE_LOOP_ANALYSIS = YES;
				CLANG_WARN_STRICT_PROTOTYPES = YES;
				CLANG_WARN_SUSPICIOUS_MOVE = YES;
				CLANG_WARN_UNGUARDED_AVAILABILITY = YES_AGGRESSIVE;
				CLANG_WARN_UNREACHABLE_CODE = YES;
				CLANG_WARN__DUPLICATE_METHOD_MATCH = YES;
				COPY_PHASE_STRIP = NO;
				DEBUG_INFORMATION_FORMAT = dwarf;
				ENABLE_STRICT_OBJC_MSGSEND = YES;
				ENABLE_TESTABILITY = YES;
				GCC_C_LANGUAGE_STANDARD = gnu11;
				GCC_DYNAMIC_NO_PIC = NO;
				GCC_NO_COMMON_BLOCKS = YES;
				GCC_OPTIMIZATION_LEVEL = 0;
				GCC_PREPROCESSOR_DEFINITIONS = (
					"DEBUG=1",
					"$(inherited)",
				);
				GCC_WARN_64_TO_32_BIT_CONVERSION = YES;
				GCC_WARN_ABOUT_RETURN_TYPE = YES_ERROR;
				GCC_WARN_UNDECLARED_SELECTOR = YES;
				GCC_WARN_UNINITIALIZED_AUTOS = YES_AGGRESSIVE;
				GCC_WARN_UNUSED_FUNCTION = YES;
				GCC_WARN_UNUSED_VARIABLE = YES;
				IPHONEOS_DEPLOYMENT_TARGET = 14.3;
				MTL_ENABLE_DEBUG_INFO = INCLUDE_SOURCE;
				MTL_FAST_MATH = YES;
				ONLY_ACTIVE_ARCH = YES;
				SDKROOT = iphoneos;
				SWIFT_ACTIVE_COMPILATION_CONDITIONS = DEBUG;
				SWIFT_OPTIMIZATION_LEVEL = "-Onone";
			};
			name = Debug;
		};
		8CC4A2CB25C67883000521CA /* Release */ = {
			isa = XCBuildConfiguration;
			buildSettings = {
				ALWAYS_SEARCH_USER_PATHS = NO;
				CLANG_ANALYZER_NONNULL = YES;
				CLANG_ANALYZER_NUMBER_OBJECT_CONVERSION = YES_AGGRESSIVE;
				CLANG_CXX_LANGUAGE_STANDARD = "gnu++14";
				CLANG_CXX_LIBRARY = "libc++";
				CLANG_ENABLE_MODULES = YES;
				CLANG_ENABLE_OBJC_ARC = YES;
				CLANG_ENABLE_OBJC_WEAK = YES;
				CLANG_WARN_BLOCK_CAPTURE_AUTORELEASING = YES;
				CLANG_WARN_BOOL_CONVERSION = YES;
				CLANG_WARN_COMMA = YES;
				CLANG_WARN_CONSTANT_CONVERSION = YES;
				CLANG_WARN_DEPRECATED_OBJC_IMPLEMENTATIONS = YES;
				CLANG_WARN_DIRECT_OBJC_ISA_USAGE = YES_ERROR;
				CLANG_WARN_DOCUMENTATION_COMMENTS = YES;
				CLANG_WARN_EMPTY_BODY = YES;
				CLANG_WARN_ENUM_CONVERSION = YES;
				CLANG_WARN_INFINITE_RECURSION = YES;
				CLANG_WARN_INT_CONVERSION = YES;
				CLANG_WARN_NON_LITERAL_NULL_CONVERSION = YES;
				CLANG_WARN_OBJC_IMPLICIT_RETAIN_SELF = YES;
				CLANG_WARN_OBJC_LITERAL_CONVERSION = YES;
				CLANG_WARN_OBJC_ROOT_CLASS = YES_ERROR;
				CLANG_WARN_QUOTED_INCLUDE_IN_FRAMEWORK_HEADER = YES;
				CLANG_WARN_RANGE_LOOP_ANALYSIS = YES;
				CLANG_WARN_STRICT_PROTOTYPES = YES;
				CLANG_WARN_SUSPICIOUS_MOVE = YES;
				CLANG_WARN_UNGUARDED_AVAILABILITY = YES_AGGRESSIVE;
				CLANG_WARN_UNREACHABLE_CODE = YES;
				CLANG_WARN__DUPLICATE_METHOD_MATCH = YES;
				COPY_PHASE_STRIP = NO;
				DEBUG_INFORMATION_FORMAT = "dwarf-with-dsym";
				ENABLE_NS_ASSERTIONS = NO;
				ENABLE_STRICT_OBJC_MSGSEND = YES;
				GCC_C_LANGUAGE_STANDARD = gnu11;
				GCC_NO_COMMON_BLOCKS = YES;
				GCC_WARN_64_TO_32_BIT_CONVERSION = YES;
				GCC_WARN_ABOUT_RETURN_TYPE = YES_ERROR;
				GCC_WARN_UNDECLARED_SELECTOR = YES;
				GCC_WARN_UNINITIALIZED_AUTOS = YES_AGGRESSIVE;
				GCC_WARN_UNUSED_FUNCTION = YES;
				GCC_WARN_UNUSED_VARIABLE = YES;
				IPHONEOS_DEPLOYMENT_TARGET = 14.3;
				MTL_ENABLE_DEBUG_INFO = NO;
				MTL_FAST_MATH = YES;
				SDKROOT = iphoneos;
				SWIFT_COMPILATION_MODE = wholemodule;
				SWIFT_OPTIMIZATION_LEVEL = "-O";
				VALIDATE_PRODUCT = YES;
			};
			name = Release;
		};
		8CC4A2CD25C67883000521CA /* Debug */ = {
			isa = XCBuildConfiguration;
			buildSettings = {
				ASSETCATALOG_COMPILER_APPICON_NAME = AppIcon;
				ASSETCATALOG_COMPILER_GLOBAL_ACCENT_COLOR_NAME = AccentColor;
				CODE_SIGN_STYLE = Automatic;
				DEVELOPMENT_TEAM = 5SUD296CF7;
				INFOPLIST_FILE = UITestsSampleApp/Info.plist;
				LD_RUNPATH_SEARCH_PATHS = (
					"$(inherited)",
					"@executable_path/Frameworks",
				);
				PRODUCT_BUNDLE_IDENTIFIER = com.albina.UITestsSampleApp;
				PRODUCT_NAME = "$(TARGET_NAME)";
				SWIFT_VERSION = 5.0;
				TARGETED_DEVICE_FAMILY = "1,2";
			};
			name = Debug;
		};
		8CC4A2CE25C67883000521CA /* Release */ = {
			isa = XCBuildConfiguration;
			buildSettings = {
				ASSETCATALOG_COMPILER_APPICON_NAME = AppIcon;
				ASSETCATALOG_COMPILER_GLOBAL_ACCENT_COLOR_NAME = AccentColor;
				CODE_SIGN_STYLE = Automatic;
				DEVELOPMENT_TEAM = 5SUD296CF7;
				INFOPLIST_FILE = UITestsSampleApp/Info.plist;
				LD_RUNPATH_SEARCH_PATHS = (
					"$(inherited)",
					"@executable_path/Frameworks",
				);
				PRODUCT_BUNDLE_IDENTIFIER = com.albina.UITestsSampleApp;
				PRODUCT_NAME = "$(TARGET_NAME)";
				SWIFT_VERSION = 5.0;
				TARGETED_DEVICE_FAMILY = "1,2";
			};
			name = Release;
		};
		8CC4A2DC25C678A5000521CA /* Debug */ = {
			isa = XCBuildConfiguration;
			buildSettings = {
				CODE_SIGN_STYLE = Automatic;
				DEVELOPMENT_TEAM = 5SUD296CF7;
				INFOPLIST_FILE = UITests/Info.plist;
				LD_RUNPATH_SEARCH_PATHS = (
					"$(inherited)",
					"@executable_path/Frameworks",
					"@loader_path/Frameworks",
				);
				PRODUCT_BUNDLE_IDENTIFIER = com.albina.UITests;
				PRODUCT_NAME = "$(TARGET_NAME)";
				SWIFT_VERSION = 5.0;
				TARGETED_DEVICE_FAMILY = "1,2";
				TEST_TARGET_NAME = UITestsSampleApp;
			};
			name = Debug;
		};
		8CC4A2DD25C678A5000521CA /* Release */ = {
			isa = XCBuildConfiguration;
			buildSettings = {
				CODE_SIGN_STYLE = Automatic;
				DEVELOPMENT_TEAM = 5SUD296CF7;
				INFOPLIST_FILE = UITests/Info.plist;
				LD_RUNPATH_SEARCH_PATHS = (
					"$(inherited)",
					"@executable_path/Frameworks",
					"@loader_path/Frameworks",
				);
				PRODUCT_BUNDLE_IDENTIFIER = com.albina.UITests;
				PRODUCT_NAME = "$(TARGET_NAME)";
				SWIFT_VERSION = 5.0;
				TARGETED_DEVICE_FAMILY = "1,2";
				TEST_TARGET_NAME = UITestsSampleApp;
			};
			name = Release;
		};
/* End XCBuildConfiguration section */

/* Begin XCConfigurationList section */
		8CC4A2B325C6787F000521CA /* Build configuration list for PBXProject "UITestsSampleApp" */ = {
			isa = XCConfigurationList;
			buildConfigurations = (
				8CC4A2CA25C67883000521CA /* Debug */,
				8CC4A2CB25C67883000521CA /* Release */,
			);
			defaultConfigurationIsVisible = 0;
			defaultConfigurationName = Release;
		};
		8CC4A2CC25C67883000521CA /* Build configuration list for PBXNativeTarget "UITestsSampleApp" */ = {
			isa = XCConfigurationList;
			buildConfigurations = (
				8CC4A2CD25C67883000521CA /* Debug */,
				8CC4A2CE25C67883000521CA /* Release */,
			);
			defaultConfigurationIsVisible = 0;
			defaultConfigurationName = Release;
		};
		8CC4A2DB25C678A5000521CA /* Build configuration list for PBXNativeTarget "UITests" */ = {
			isa = XCConfigurationList;
			buildConfigurations = (
				8CC4A2DC25C678A5000521CA /* Debug */,
				8CC4A2DD25C678A5000521CA /* Release */,
			);
			defaultConfigurationIsVisible = 0;
			defaultConfigurationName = Release;
		};
/* End XCConfigurationList section */
	};
	rootObject = 8CC4A2B025C6787F000521CA /* Project object */;
}
